{
  "name": "nuget-tree",
  "version": "1.0.16",
  "lockfileVersion": 1,
  "requires": true,
  "dependencies": {
    "archy": {
      "version": "1.0.0",
      "resolved": "https://registry.npmjs.org/archy/-/archy-1.0.0.tgz",
      "integrity": "sha1-+cjBN1fMHde8N5rHeyxipcKGjEA="
    },
    "base64-js": {
      "version": "0.0.2",
      "resolved": "https://registry.npmjs.org/base64-js/-/base64-js-0.0.2.tgz",
      "integrity": "sha1-Ak8Pcq+iW3X5wO5zzU9V7Bvtl4Q="
    },
    "bops": {
      "version": "0.1.1",
      "resolved": "https://registry.npmjs.org/bops/-/bops-0.1.1.tgz",
      "integrity": "sha1-Bi4CqNqoAfoQ8uXb5nQM/4Af4X4=",
      "requires": {
        "base64-js": "0.0.2",
        "to-utf8": "0.0.1"
      }
    },
    "colors": {
      "version": "1.4.0",
      "resolved": "https://registry.npmjs.org/colors/-/colors-1.4.0.tgz",
      "integrity": "sha512-a+UqTh4kgZg/SlGvfbzDHpgRu7AAQOmmqRHJnxhRZICKFUT91brVhNNt58CMWU9PsBbv3PDCZUHbVxuDiH2mtA=="
    },
    "sax": {
      "version": "1.2.4",
      "resolved": "https://registry.npmjs.org/sax/-/sax-1.2.4.tgz",
      "integrity": "sha512-NqVDv9TpANUjFm0N8uM5GxL36UgKi9/atZw+x7YFnQ8ckwFGKrl4xX4yWtrey3UJm5nP1kUbnYgLopqWNSRhWw=="
    },
    "semver": {
      "version": "7.3.2",
      "resolved": "https://registry.npmjs.org/semver/-/semver-7.3.2.tgz",
      "integrity": "sha512-OrOb32TeeambH6UrhtShmF7CRDqhL6/5XpPNp2DuRH6+9QLw/orhp72j87v8Qa1ScDkvrrBNpZcDejAirJmfXQ=="
    },
    "to-utf8": {
      "version": "0.0.1",
      "resolved": "https://registry.npmjs.org/to-utf8/-/to-utf8-0.0.1.tgz",
      "integrity": "sha1-0Xrqcv8vujm55DYBvns/9y4ImFI="
    },
    "xml2js": {
      "version": "0.4.23",
      "resolved": "https://registry.npmjs.org/xml2js/-/xml2js-0.4.23.tgz",
      "integrity": "sha512-ySPiMjM0+pLDftHgXY4By0uswI3SPKLDw/i3UXbnO8M/p28zqexCUoPmQFrYD+/1BzhGJSs2i1ERWKJAtiLrug==",
      "requires": {
        "sax": ">=0.6.0",
        "xmlbuilder": "~11.0.0"
      }
    },
    "xmlbuilder": {
      "version": "11.0.1",
      "resolved": "https://registry.npmjs.org/xmlbuilder/-/xmlbuilder-11.0.1.tgz",
      "integrity": "sha512-fDlsI/kFEx7gLvbecc0/ohLG50fugQp8ryHzMTuW9vSa1GJ0XYWKnhsUx7oie3G98+r56aTQIUB4kht42R3JvA=="
    },
    "zip": {
      "version": "1.2.0",
      "resolved": "https://registry.npmjs.org/zip/-/zip-1.2.0.tgz",
      "integrity": "sha1-rQrUImUwm+QutW/IYZThfCTmapw=",
      "requires": {
        "bops": "~0.1.1"
      }
    }
  }
}
